# This file is automatically @generated by Cargo.
# It is not intended for manual editing.
version = 4

[[package]]
name = "minerva-application"
version = "0.1.0"
dependencies = [
 "minerva-domain",
]

[[package]]
name = "minerva-cli"
version = "0.1.0"
dependencies = [
 "minerva-application",
 "minerva-context",
]

[[package]]
name = "minerva-context"
version = "0.1.0"
dependencies = [
 "minerva-application",
]

[[package]]
name = "minerva-domain"
version = "0.1.0"

[[package]]
name = "minerva-mcp"
version = "0.1.0"
dependencies = [
 "minerva-application",
 "minerva-context",
]

[[package]]
name = "minerva-storage"
version = "0.1.0"
dependencies = [
 "minerva-application",
]

[[package]]
name = "minerva-tui"
version = "0.1.0"
dependencies = [
 "minerva-application",
 "minerva-context",
]
